
Microsoft Visual Studio Solution File, Format Version 12.00
# Visual Studio Version 17
VisualStudioVersion = 17.5.33627.172
MinimumVisualStudioVersion = 10.0.40219.1
Project("{FAE04EC0-301F-11D3-BF4B-00C04F79EFBC}") = "MachConnectorExample", "MachConnectorExample\MachConnectorExample.csproj", "{D6F0297D-DD3D-4373-B500-CD34D0C9E285}"
EndProject
Global
	GlobalSection(SolutionConfigurationPlatforms) = preSolution
		Debug|Any CPU = Debug|Any CPU
		Release|Any CPU = Release|Any CPU
	EndGlobalSection
	GlobalSection(ProjectConfigurationPlatforms) = postSolution
		{D6F0297D-DD3D-4373-B500-CD34D0C9E285}.Debug|Any CPU.ActiveCfg = Debug|Any CPU
		{D6F0297D-DD3D-4373-B500-CD34D0C9E285}.Debug|Any CPU.Build.0 = Debug|Any CPU
		{D6F0297D-DD3D-4373-B500-CD34D0C9E285}.Release|Any CPU.ActiveCfg = Release|Any CPU
		{D6F0297D-DD3D-4373-B500-CD34D0C9E285}.Release|Any CPU.Build.0 = Release|Any CPU
	EndGlobalSection
	GlobalSection(SolutionProperties) = preSolution
		HideSolutionNode = FALSE
	EndGlobalSection
	GlobalSection(ExtensibilityGlobals) = postSolution
		SolutionGuid = {D242C815-A4BC-4841-B32F-599CC77B9801}
	EndGlobalSection
EndGlobal
